
Microsoft Visual Studio Solution File, Format Version 12.00
# Visual Studio Version 16
VisualStudioVersion = 16.0.30523.141
MinimumVisualStudioVersion = 10.0.40219.1
Project("{FAE04EC0-301F-11D3-BF4B-00C04F79EFBC}") = "oop_sharp1", "oop_sharp1\oop_sharp1.csproj", "{81EAAD3E-3722-45AF-B0C8-E5B115FECB05}"
EndProject
Global
	GlobalSection(SolutionConfigurationPlatforms) = preSolution
		Debug|Any CPU = Debug|Any CPU
		Release|Any CPU = Release|Any CPU
	EndGlobalSection
	GlobalSection(ProjectConfigurationPlatforms) = postSolution
		{81EAAD3E-3722-45AF-B0C8-E5B115FECB05}.Debug|Any CPU.ActiveCfg = Debug|Any CPU
		{81EAAD3E-3722-45AF-B0C8-E5B115FECB05}.Debug|Any CPU.Build.0 = Debug|Any CPU
		{81EAAD3E-3722-45AF-B0C8-E5B115FECB05}.Release|Any CPU.ActiveCfg = Release|Any CPU
		{81EAAD3E-3722-45AF-B0C8-E5B115FECB05}.Release|Any CPU.Build.0 = Release|Any CPU
	EndGlobalSection
	GlobalSection(SolutionProperties) = preSolution
		HideSolutionNode = FALSE
	EndGlobalSection
	GlobalSection(ExtensibilityGlobals) = postSolution
		SolutionGuid = {BF60C0A3-0D5E-4A6C-ABA1-3894D0BE3AC6}
	EndGlobalSection
EndGlobal
